
Microsoft Visual Studio Solution File, Format Version 12.00
# Visual Studio Version 17
VisualStudioVersion = 17.0.31903.59
MinimumVisualStudioVersion = 10.0.40219.1
Project("{FAE04EC0-301F-11D3-BF4B-00C04F79EFBC}") = "PackageBrowser", "PackageBrowser\PackageBrowser.csproj", "{EB3395ED-1C93-4A33-B330-49B6B47AB825}"
EndProject
Project("{FAE04EC0-301F-11D3-BF4B-00C04F79EFBC}") = "RegionEditor", "RegionEditor\RegionEditor.csproj", "{D472060B-4364-4260-848D-04C0B7978FD9}"
EndProject
Project("{FAE04EC0-301F-11D3-BF4B-00C04F79EFBC}") = "QuestEditor", "QuestEditor\QuestEditor.csproj", "{A66738E7-1B28-4C0A-B76C-BA45C09A115D}"
EndProject
Project("{FAE04EC0-301F-11D3-BF4B-00C04F79EFBC}") = "EventEditor", "EventEditor\EventEditor.csproj", "{D575D36D-FF10-4B14-8D11-A4F2161629E2}"
EndProject
Project("{FAE04EC0-301F-11D3-BF4B-00C04F79EFBC}") = "MapEditor", "MapEditor\MapEditor.csproj", "{227DF29F-2303-4FD6-BC59-8F33C75CF0DB}"
EndProject
Project("{FAE04EC0-301F-11D3-BF4B-00C04F79EFBC}") = "Shared", "Shared\Shared.csproj", "{11304D34-6379-4813-B706-76F41635D19C}"
EndProject
Global
	GlobalSection(SolutionConfigurationPlatforms) = preSolution
		Debug|Any CPU = Debug|Any CPU
		Release|Any CPU = Release|Any CPU
	EndGlobalSection
	GlobalSection(SolutionProperties) = preSolution
		HideSolutionNode = FALSE
	EndGlobalSection
	GlobalSection(ProjectConfigurationPlatforms) = postSolution
		{EB3395ED-1C93-4A33-B330-49B6B47AB825}.Debug|Any CPU.ActiveCfg = Debug|Any CPU
		{EB3395ED-1C93-4A33-B330-49B6B47AB825}.Debug|Any CPU.Build.0 = Debug|Any CPU
		{EB3395ED-1C93-4A33-B330-49B6B47AB825}.Release|Any CPU.ActiveCfg = Release|Any CPU
		{EB3395ED-1C93-4A33-B330-49B6B47AB825}.Release|Any CPU.Build.0 = Release|Any CPU
		{D472060B-4364-4260-848D-04C0B7978FD9}.Debug|Any CPU.ActiveCfg = Debug|Any CPU
		{D472060B-4364-4260-848D-04C0B7978FD9}.Debug|Any CPU.Build.0 = Debug|Any CPU
		{D472060B-4364-4260-848D-04C0B7978FD9}.Release|Any CPU.ActiveCfg = Release|Any CPU
		{D472060B-4364-4260-848D-04C0B7978FD9}.Release|Any CPU.Build.0 = Release|Any CPU
		{A66738E7-1B28-4C0A-B76C-BA45C09A115D}.Debug|Any CPU.ActiveCfg = Debug|Any CPU
		{A66738E7-1B28-4C0A-B76C-BA45C09A115D}.Debug|Any CPU.Build.0 = Debug|Any CPU
		{A66738E7-1B28-4C0A-B76C-BA45C09A115D}.Release|Any CPU.ActiveCfg = Release|Any CPU
		{A66738E7-1B28-4C0A-B76C-BA45C09A115D}.Release|Any CPU.Build.0 = Release|Any CPU
		{D575D36D-FF10-4B14-8D11-A4F2161629E2}.Debug|Any CPU.ActiveCfg = Debug|Any CPU
		{D575D36D-FF10-4B14-8D11-A4F2161629E2}.Debug|Any CPU.Build.0 = Debug|Any CPU
		{D575D36D-FF10-4B14-8D11-A4F2161629E2}.Release|Any CPU.ActiveCfg = Release|Any CPU
		{D575D36D-FF10-4B14-8D11-A4F2161629E2}.Release|Any CPU.Build.0 = Release|Any CPU
		{227DF29F-2303-4FD6-BC59-8F33C75CF0DB}.Debug|Any CPU.ActiveCfg = Debug|Any CPU
		{227DF29F-2303-4FD6-BC59-8F33C75CF0DB}.Debug|Any CPU.Build.0 = Debug|Any CPU
		{227DF29F-2303-4FD6-BC59-8F33C75CF0DB}.Release|Any CPU.ActiveCfg = Release|Any CPU
		{227DF29F-2303-4FD6-BC59-8F33C75CF0DB}.Release|Any CPU.Build.0 = Release|Any CPU
		{11304D34-6379-4813-B706-76F41635D19C}.Debug|Any CPU.ActiveCfg = Debug|Any CPU
		{11304D34-6379-4813-B706-76F41635D19C}.Debug|Any CPU.Build.0 = Debug|Any CPU
		{11304D34-6379-4813-B706-76F41635D19C}.Release|Any CPU.ActiveCfg = Release|Any CPU
		{11304D34-6379-4813-B706-76F41635D19C}.Release|Any CPU.Build.0 = Release|Any CPU
	EndGlobalSection
EndGlobal
